
Microsoft Visual Studio Solution File, Format Version 12.00
# Visual Studio Version 17
VisualStudioVersion = 17.10.35122.118
MinimumVisualStudioVersion = 10.0.40219.1
Project("{F184B08F-C81C-45F6-A57F-5ABD9991F28F}") = "Wellmeadows", "Wellmeadows\Wellmeadows.vbproj", "{4DB38784-815C-43A5-B520-567D5799DB42}"
EndProject
Global
	GlobalSection(SolutionConfigurationPlatforms) = preSolution
		Debug|Any CPU = Debug|Any CPU
		Release|Any CPU = Release|Any CPU
	EndGlobalSection
	GlobalSection(ProjectConfigurationPlatforms) = postSolution
		{4DB38784-815C-43A5-B520-567D5799DB42}.Debug|Any CPU.ActiveCfg = Debug|Any CPU
		{4DB38784-815C-43A5-B520-567D5799DB42}.Debug|Any CPU.Build.0 = Debug|Any CPU
		{4DB38784-815C-43A5-B520-567D5799DB42}.Release|Any CPU.ActiveCfg = Release|Any CPU
		{4DB38784-815C-43A5-B520-567D5799DB42}.Release|Any CPU.Build.0 = Release|Any CPU
	EndGlobalSection
	GlobalSection(SolutionProperties) = preSolution
		HideSolutionNode = FALSE
	EndGlobalSection
	GlobalSection(ExtensibilityGlobals) = postSolution
		SolutionGuid = {9BBBE5AD-2E9E-486D-8E42-5AABA96AD473}
	EndGlobalSection
EndGlobal
